
Microsoft Visual Studio Solution File, Format Version 12.00
# Visual Studio 15
VisualStudioVersion = 15.0.28307.645
MinimumVisualStudioVersion = 10.0.40219.1
Project("{FAE04EC0-301F-11D3-BF4B-00C04F79EFBC}") = "Getting_Started.Android", "Getting_Started\Getting_Started.Android\Getting_Started.Android.csproj", "{685D6F7E-B038-4FBD-B044-9BE1C8C93B21}"
EndProject
Project("{FAE04EC0-301F-11D3-BF4B-00C04F79EFBC}") = "Getting_Started.iOS", "Getting_Started\Getting_Started.iOS\Getting_Started.iOS.csproj", "{42874C8A-24C0-4427-9883-49CD3A4F8F6A}"
EndProject
Project("{FAE04EC0-301F-11D3-BF4B-00C04F79EFBC}") = "Getting_Started.UWP", "Getting_Started\Getting_Started.UWP\Getting_Started.UWP.csproj", "{6D94F4CA-EBD2-4020-9A2A-DF33205967FE}"
EndProject
Project("{FAE04EC0-301F-11D3-BF4B-00C04F79EFBC}") = "Getting_Started", "Getting_Started\Getting_Started\Getting_Started.csproj", "{A010F804-D807-40D1-A5F4-C204F57A07F0}"
EndProject
Global
	GlobalSection(SolutionConfigurationPlatforms) = preSolution
		Ad-Hoc|Any CPU = Ad-Hoc|Any CPU
		Ad-Hoc|ARM = Ad-Hoc|ARM
		Ad-Hoc|iPhone = Ad-Hoc|iPhone
		Ad-Hoc|iPhoneSimulator = Ad-Hoc|iPhoneSimulator
		Ad-Hoc|x64 = Ad-Hoc|x64
		Ad-Hoc|x86 = Ad-Hoc|x86
		AppStore|Any CPU = AppStore|Any CPU
		AppStore|ARM = AppStore|ARM
		AppStore|iPhone = AppStore|iPhone
		AppStore|iPhoneSimulator = AppStore|iPhoneSimulator
		AppStore|x64 = AppStore|x64
		AppStore|x86 = AppStore|x86
		Debug|Any CPU = Debug|Any CPU
		Debug|ARM = Debug|ARM
		Debug|iPhone = Debug|iPhone
		Debug|iPhoneSimulator = Debug|iPhoneSimulator
		Debug|x64 = Debug|x64
		Debug|x86 = Debug|x86
		Release|Any CPU = Release|Any CPU
		Release|ARM = Release|ARM
		Release|iPhone = Release|iPhone
		Release|iPhoneSimulator = Release|iPhoneSimulator
		Release|x64 = Release|x64
		Release|x86 = Release|x86
	EndGlobalSection
	GlobalSection(ProjectConfigurationPlatforms) = postSolution
		{685D6F7E-B038-4FBD-B044-9BE1C8C93B21}.Ad-Hoc|Any CPU.ActiveCfg = Release|Any CPU
		{685D6F7E-B038-4FBD-B044-9BE1C8C93B21}.Ad-Hoc|Any CPU.Build.0 = Release|Any CPU
		{685D6F7E-B038-4FBD-B044-9BE1C8C93B21}.Ad-Hoc|Any CPU.Deploy.0 = Release|Any CPU
		{685D6F7E-B038-4FBD-B044-9BE1C8C93B21}.Ad-Hoc|ARM.ActiveCfg = Release|Any CPU
		{685D6F7E-B038-4FBD-B044-9BE1C8C93B21}.Ad-Hoc|ARM.Build.0 = Release|Any CPU
		{685D6F7E-B038-4FBD-B044-9BE1C8C93B21}.Ad-Hoc|ARM.Deploy.0 = Release|Any CPU
		{685D6F7E-B038-4FBD-B044-9BE1C8C93B21}.Ad-Hoc|iPhone.ActiveCfg = Release|Any CPU
		{685D6F7E-B038-4FBD-B044-9BE1C8C93B21}.Ad-Hoc|iPhone.Build.0 = Release|Any CPU
		{685D6F7E-B038-4FBD-B044-9BE1C8C93B21}.Ad-Hoc|iPhone.Deploy.0 = Release|Any CPU
		{685D6F7E-B038-4FBD-B044-9BE1C8C93B21}.Ad-Hoc|iPhoneSimulator.ActiveCfg = Release|Any CPU
		{685D6F7E-B038-4FBD-B044-9BE1C8C93B21}.Ad-Hoc|iPhoneSimulator.Build.0 = Release|Any CPU
		{685D6F7E-B038-4FBD-B044-9BE1C8C93B21}.Ad-Hoc|iPhoneSimulator.Deploy.0 = Release|Any CPU
		{685D6F7E-B038-4FBD-B044-9BE1C8C93B21}.Ad-Hoc|x64.ActiveCfg = Release|Any CPU
		{685D6F7E-B038-4FBD-B044-9BE1C8C93B21}.Ad-Hoc|x64.Build.0 = Release|Any CPU
		{685D6F7E-B038-4FBD-B044-9BE1C8C93B21}.Ad-Hoc|x64.Deploy.0 = Release|Any CPU
		{685D6F7E-B038-4FBD-B044-9BE1C8C93B21}.Ad-Hoc|x86.ActiveCfg = Release|Any CPU
		{685D6F7E-B038-4FBD-B044-9BE1C8C93B21}.Ad-Hoc|x86.Build.0 = Release|Any CPU
		{685D6F7E-B038-4FBD-B044-9BE1C8C93B21}.Ad-Hoc|x86.Deploy.0 = Release|Any CPU
		{685D6F7E-B038-4FBD-B044-9BE1C8C93B21}.AppStore|Any CPU.ActiveCfg = Release|Any CPU
		{685D6F7E-B038-4FBD-B044-9BE1C8C93B21}.AppStore|Any CPU.Build.0 = Release|Any CPU
		{685D6F7E-B038-4FBD-B044-9BE1C8C93B21}.AppStore|Any CPU.Deploy.0 = Release|Any CPU
		{685D6F7E-B038-4FBD-B044-9BE1C8C93B21}.AppStore|ARM.ActiveCfg = Release|Any CPU
		{685D6F7E-B038-4FBD-B044-9BE1C8C93B21}.AppStore|ARM.Build.0 = Release|Any CPU
		{685D6F7E-B038-4FBD-B044-9BE1C8C93B21}.AppStore|ARM.Deploy.0 = Release|Any CPU
		{685D6F7E-B038-4FBD-B044-9BE1C8C93B21}.AppStore|iPhone.ActiveCfg = Release|Any CPU
		{685D6F7E-B038-4FBD-B044-9BE1C8C93B21}.AppStore|iPhone.Build.0 = Release|Any CPU
		{685D6F7E-B038-4FBD-B044-9BE1C8C93B21}.AppStore|iPhone.Deploy.0 = Release|Any CPU
		{685D6F7E-B038-4FBD-B044-9BE1C8C93B21}.AppStore|iPhoneSimulator.ActiveCfg = Release|Any CPU
		{685D6F7E-B038-4FBD-B044-9BE1C8C93B21}.AppStore|iPhoneSimulator.Build.0 = Release|Any CPU
		{685D6F7E-B038-4FBD-B044-9BE1C8C93B21}.AppStore|iPhoneSimulator.Deploy.0 = Release|Any CPU
		{685D6F7E-B038-4FBD-B044-9BE1C8C93B21}.AppStore|x64.ActiveCfg = Release|Any CPU
		{685D6F7E-B038-4FBD-B044-9BE1C8C93B21}.AppStore|x64.Build.0 = Release|Any CPU
		{685D6F7E-B038-4FBD-B044-9BE1C8C93B21}.AppStore|x64.Deploy.0 = Release|Any CPU
		{685D6F7E-B038-4FBD-B044-9BE1C8C93B21}.AppStore|x86.ActiveCfg = Release|Any CPU
		{685D6F7E-B038-4FBD-B044-9BE1C8C93B21}.AppStore|x86.Build.0 = Release|Any CPU
		{685D6F7E-B038-4FBD-B044-9BE1C8C93B21}.AppStore|x86.Deploy.0 = Release|Any CPU
		{685D6F7E-B038-4FBD-B044-9BE1C8C93B21}.Debug|Any CPU.ActiveCfg = Debug|Any CPU
		{685D6F7E-B038-4FBD-B044-9BE1C8C93B21}.Debug|Any CPU.Build.0 = Debug|Any CPU
		{685D6F7E-B038-4FBD-B044-9BE1C8C93B21}.Debug|Any CPU.Deploy.0 = Debug|Any CPU
		{685D6F7E-B038-4FBD-B044-9BE1C8C93B21}.Debug|ARM.ActiveCfg = Debug|Any CPU
		{685D6F7E-B038-4FBD-B044-9BE1C8C93B21}.Debug|ARM.Build.0 = Debug|Any CPU
		{685D6F7E-B038-4FBD-B044-9BE1C8C93B21}.Debug|ARM.Deploy.0 = Debug|Any CPU
		{685D6F7E-B038-4FBD-B044-9BE1C8C93B21}.Debug|iPhone.ActiveCfg = Debug|Any CPU
		{685D6F7E-B038-4FBD-B044-9BE1C8C93B21}.Debug|iPhone.Build.0 = Debug|Any CPU
		{685D6F7E-B038-4FBD-B044-9BE1C8C93B21}.Debug|iPhone.Deploy.0 = Debug|Any CPU
		{685D6F7E-B038-4FBD-B044-9BE1C8C93B21}.Debug|iPhoneSimulator.ActiveCfg = Debug|Any CPU
		{685D6F7E-B038-4FBD-B044-9BE1C8C93B21}.Debug|iPhoneSimulator.Build.0 = Debug|Any CPU
		{685D6F7E-B038-4FBD-B044-9BE1C8C93B21}.Debug|iPhoneSimulator.Deploy.0 = Debug|Any CPU
		{685D6F7E-B038-4FBD-B044-9BE1C8C93B21}.Debug|x64.ActiveCfg = Debug|Any CPU
		{685D6F7E-B038-4FBD-B044-9BE1C8C93B21}.Debug|x64.Build.0 = Debug|Any CPU
		{685D6F7E-B038-4FBD-B044-9BE1C8C93B21}.Debug|x64.Deploy.0 = Debug|Any CPU
		{685D6F7E-B038-4FBD-B044-9BE1C8C93B21}.Debug|x86.ActiveCfg = Debug|Any CPU
		{685D6F7E-B038-4FBD-B044-9BE1C8C93B21}.Debug|x86.Build.0 = Debug|Any CPU
		{685D6F7E-B038-4FBD-B044-9BE1C8C93B21}.Debug|x86.Deploy.0 = Debug|Any CPU
		{685D6F7E-B038-4FBD-B044-9BE1C8C93B21}.Release|Any CPU.ActiveCfg = Release|Any CPU
		{685D6F7E-B038-4FBD-B044-9BE1C8C93B21}.Release|Any CPU.Build.0 = Release|Any CPU
		{685D6F7E-B038-4FBD-B044-9BE1C8C93B21}.Release|Any CPU.Deploy.0 = Release|Any CPU
		{685D6F7E-B038-4FBD-B044-9BE1C8C93B21}.Release|ARM.ActiveCfg = Release|Any CPU
		{685D6F7E-B038-4FBD-B044-9BE1C8C93B21}.Release|ARM.Build.0 = Release|Any CPU
		{685D6F7E-B038-4FBD-B044-9BE1C8C93B21}.Release|ARM.Deploy.0 = Release|Any CPU
		{685D6F7E-B038-4FBD-B044-9BE1C8C93B21}.Release|iPhone.ActiveCfg = Release|Any CPU
		{685D6F7E-B038-4FBD-B044-9BE1C8C93B21}.Release|iPhone.Build.0 = Release|Any CPU
		{685D6F7E-B038-4FBD-B044-9BE1C8C93B21}.Release|iPhone.Deploy.0 = Release|Any CPU
		{685D6F7E-B038-4FBD-B044-9BE1C8C93B21}.Release|iPhoneSimulator.ActiveCfg = Release|Any CPU
		{685D6F7E-B038-4FBD-B044-9BE1C8C93B21}.Release|iPhoneSimulator.Build.0 = Release|Any CPU
		{685D6F7E-B038-4FBD-B044-9BE1C8C93B21}.Release|iPhoneSimulator.Deploy.0 = Release|Any CPU
		{685D6F7E-B038-4FBD-B044-9BE1C8C93B21}.Release|x64.ActiveCfg = Release|Any CPU
		{685D6F7E-B038-4FBD-B044-9BE1C8C93B21}.Release|x64.Build.0 = Release|Any CPU
		{685D6F7E-B038-4FBD-B044-9BE1C8C93B21}.Release|x64.Deploy.0 = Release|Any CPU
		{685D6F7E-B038-4FBD-B044-9BE1C8C93B21}.Release|x86.ActiveCfg = Release|Any CPU
		{685D6F7E-B038-4FBD-B044-9BE1C8C93B21}.Release|x86.Build.0 = Release|Any CPU
		{685D6F7E-B038-4FBD-B044-9BE1C8C93B21}.Release|x86.Deploy.0 = Release|Any CPU
		{42874C8A-24C0-4427-9883-49CD3A4F8F6A}.Ad-Hoc|Any CPU.ActiveCfg = Ad-Hoc|iPhone
		{42874C8A-24C0-4427-9883-49CD3A4F8F6A}.Ad-Hoc|Any CPU.Build.0 = Ad-Hoc|iPhone
		{42874C8A-24C0-4427-9883-49CD3A4F8F6A}.Ad-Hoc|Any CPU.Deploy.0 = Ad-Hoc|iPhone
		{42874C8A-24C0-4427-9883-49CD3A4F8F6A}.Ad-Hoc|ARM.ActiveCfg = Ad-Hoc|iPhone
		{42874C8A-24C0-4427-9883-49CD3A4F8F6A}.Ad-Hoc|ARM.Build.0 = Ad-Hoc|iPhone
		{42874C8A-24C0-4427-9883-49CD3A4F8F6A}.Ad-Hoc|ARM.Deploy.0 = Ad-Hoc|iPhone
		{42874C8A-24C0-4427-9883-49CD3A4F8F6A}.Ad-Hoc|iPhone.ActiveCfg = Ad-Hoc|iPhone
		{42874C8A-24C0-4427-9883-49CD3A4F8F6A}.Ad-Hoc|iPhone.Build.0 = Ad-Hoc|iPhone
		{42874C8A-24C0-4427-9883-49CD3A4F8F6A}.Ad-Hoc|iPhone.Deploy.0 = Ad-Hoc|iPhone
		{42874C8A-24C0-4427-9883-49CD3A4F8F6A}.Ad-Hoc|iPhoneSimulator.ActiveCfg = Ad-Hoc|iPhoneSimulator
		{42874C8A-24C0-4427-9883-49CD3A4F8F6A}.Ad-Hoc|iPhoneSimulator.Build.0 = Ad-Hoc|iPhoneSimulator
		{42874C8A-24C0-4427-9883-49CD3A4F8F6A}.Ad-Hoc|iPhoneSimulator.Deploy.0 = Ad-Hoc|iPhoneSimulator
		{42874C8A-24C0-4427-9883-49CD3A4F8F6A}.Ad-Hoc|x64.ActiveCfg = Ad-Hoc|iPhone
		{42874C8A-24C0-4427-9883-49CD3A4F8F6A}.Ad-Hoc|x64.Build.0 = Ad-Hoc|iPhone
		{42874C8A-24C0-4427-9883-49CD3A4F8F6A}.Ad-Hoc|x64.Deploy.0 = Ad-Hoc|iPhone
		{42874C8A-24C0-4427-9883-49CD3A4F8F6A}.Ad-Hoc|x86.ActiveCfg = Ad-Hoc|iPhone
		{42874C8A-24C0-4427-9883-49CD3A4F8F6A}.Ad-Hoc|x86.Build.0 = Ad-Hoc|iPhone
		{42874C8A-24C0-4427-9883-49CD3A4F8F6A}.Ad-Hoc|x86.Deploy.0 = Ad-Hoc|iPhone
		{42874C8A-24C0-4427-9883-49CD3A4F8F6A}.AppStore|Any CPU.ActiveCfg = AppStore|iPhone
		{42874C8A-24C0-4427-9883-49CD3A4F8F6A}.AppStore|Any CPU.Build.0 = AppStore|iPhone
		{42874C8A-24C0-4427-9883-49CD3A4F8F6A}.AppStore|Any CPU.Deploy.0 = AppStore|iPhone
		{42874C8A-24C0-4427-9883-49CD3A4F8F6A}.AppStore|ARM.ActiveCfg = AppStore|iPhone
		{42874C8A-24C0-4427-9883-49CD3A4F8F6A}.AppStore|ARM.Build.0 = AppStore|iPhone
		{42874C8A-24C0-4427-9883-49CD3A4F8F6A}.AppStore|ARM.Deploy.0 = AppStore|iPhone
		{42874C8A-24C0-4427-9883-49CD3A4F8F6A}.AppStore|iPhone.ActiveCfg = AppStore|iPhone
		{42874C8A-24C0-4427-9883-49CD3A4F8F6A}.AppStore|iPhone.Build.0 = AppStore|iPhone
		{42874C8A-24C0-4427-9883-49CD3A4F8F6A}.AppStore|iPhone.Deploy.0 = AppStore|iPhone
		{42874C8A-24C0-4427-9883-49CD3A4F8F6A}.AppStore|iPhoneSimulator.ActiveCfg = AppStore|iPhoneSimulator
		{42874C8A-24C0-4427-9883-49CD3A4F8F6A}.AppStore|iPhoneSimulator.Build.0 = AppStore|iPhoneSimulator
		{42874C8A-24C0-4427-9883-49CD3A4F8F6A}.AppStore|iPhoneSimulator.Deploy.0 = AppStore|iPhoneSimulator
		{42874C8A-24C0-4427-9883-49CD3A4F8F6A}.AppStore|x64.ActiveCfg = AppStore|iPhone
		{42874C8A-24C0-4427-9883-49CD3A4F8F6A}.AppStore|x64.Build.0 = AppStore|iPhone
		{42874C8A-24C0-4427-9883-49CD3A4F8F6A}.AppStore|x64.Deploy.0 = AppStore|iPhone
		{42874C8A-24C0-4427-9883-49CD3A4F8F6A}.AppStore|x86.ActiveCfg = AppStore|iPhone
		{42874C8A-24C0-4427-9883-49CD3A4F8F6A}.AppStore|x86.Build.0 = AppStore|iPhone
		{42874C8A-24C0-4427-9883-49CD3A4F8F6A}.AppStore|x86.Deploy.0 = AppStore|iPhone
		{42874C8A-24C0-4427-9883-49CD3A4F8F6A}.Debug|Any CPU.ActiveCfg = Debug|iPhoneSimulator
		{42874C8A-24C0-4427-9883-49CD3A4F8F6A}.Debug|Any CPU.Build.0 = Debug|iPhoneSimulator
		{42874C8A-24C0-4427-9883-49CD3A4F8F6A}.Debug|Any CPU.Deploy.0 = Debug|iPhoneSimulator
		{42874C8A-24C0-4427-9883-49CD3A4F8F6A}.Debug|ARM.ActiveCfg = Debug|iPhone
		{42874C8A-24C0-4427-9883-49CD3A4F8F6A}.Debug|ARM.Build.0 = Debug|iPhone
		{42874C8A-24C0-4427-9883-49CD3A4F8F6A}.Debug|ARM.Deploy.0 = Debug|iPhone
		{42874C8A-24C0-4427-9883-49CD3A4F8F6A}.Debug|iPhone.ActiveCfg = Debug|iPhone
		{42874C8A-24C0-4427-9883-49CD3A4F8F6A}.Debug|iPhone.Build.0 = Debug|iPhone
		{42874C8A-24C0-4427-9883-49CD3A4F8F6A}.Debug|iPhone.Deploy.0 = Debug|iPhone
		{42874C8A-24C0-4427-9883-49CD3A4F8F6A}.Debug|iPhoneSimulator.ActiveCfg = Debug|iPhoneSimulator
		{42874C8A-24C0-4427-9883-49CD3A4F8F6A}.Debug|iPhoneSimulator.Build.0 = Debug|iPhoneSimulator
		{42874C8A-24C0-4427-9883-49CD3A4F8F6A}.Debug|iPhoneSimulator.Deploy.0 = Debug|iPhoneSimulator
		{42874C8A-24C0-4427-9883-49CD3A4F8F6A}.Debug|x64.ActiveCfg = Debug|iPhone
		{42874C8A-24C0-4427-9883-49CD3A4F8F6A}.Debug|x64.Build.0 = Debug|iPhone
		{42874C8A-24C0-4427-9883-49CD3A4F8F6A}.Debug|x64.Deploy.0 = Debug|iPhone
		{42874C8A-24C0-4427-9883-49CD3A4F8F6A}.Debug|x86.ActiveCfg = Debug|iPhone
		{42874C8A-24C0-4427-9883-49CD3A4F8F6A}.Debug|x86.Build.0 = Debug|iPhone
		{42874C8A-24C0-4427-9883-49CD3A4F8F6A}.Debug|x86.Deploy.0 = Debug|iPhone
		{42874C8A-24C0-4427-9883-49CD3A4F8F6A}.Release|Any CPU.ActiveCfg = Release|iPhone
		{42874C8A-24C0-4427-9883-49CD3A4F8F6A}.Release|Any CPU.Build.0 = Release|iPhone
		{42874C8A-24C0-4427-9883-49CD3A4F8F6A}.Release|Any CPU.Deploy.0 = Release|iPhone
		{42874C8A-24C0-4427-9883-49CD3A4F8F6A}.Release|ARM.ActiveCfg = Release|iPhone
		{42874C8A-24C0-4427-9883-49CD3A4F8F6A}.Release|ARM.Build.0 = Release|iPhone
		{42874C8A-24C0-4427-9883-49CD3A4F8F6A}.Release|ARM.Deploy.0 = Release|iPhone
		{42874C8A-24C0-4427-9883-49CD3A4F8F6A}.Release|iPhone.ActiveCfg = Release|iPhone
		{42874C8A-24C0-4427-9883-49CD3A4F8F6A}.Release|iPhone.Build.0 = Release|iPhone
		{42874C8A-24C0-4427-9883-49CD3A4F8F6A}.Release|iPhone.Deploy.0 = Release|iPhone
		{42874C8A-24C0-4427-9883-49CD3A4F8F6A}.Release|iPhoneSimulator.ActiveCfg = Release|iPhoneSimulator
		{42874C8A-24C0-4427-9883-49CD3A4F8F6A}.Release|iPhoneSimulator.Build.0 = Release|iPhoneSimulator
		{42874C8A-24C0-4427-9883-49CD3A4F8F6A}.Release|iPhoneSimulator.Deploy.0 = Release|iPhoneSimulator
		{42874C8A-24C0-4427-9883-49CD3A4F8F6A}.Release|x64.ActiveCfg = Release|iPhone
		{42874C8A-24C0-4427-9883-49CD3A4F8F6A}.Release|x64.Build.0 = Release|iPhone
		{42874C8A-24C0-4427-9883-49CD3A4F8F6A}.Release|x64.Deploy.0 = Release|iPhone
		{42874C8A-24C0-4427-9883-49CD3A4F8F6A}.Release|x86.ActiveCfg = Release|iPhone
		{42874C8A-24C0-4427-9883-49CD3A4F8F6A}.Release|x86.Build.0 = Release|iPhone
		{42874C8A-24C0-4427-9883-49CD3A4F8F6A}.Release|x86.Deploy.0 = Release|iPhone
		{6D94F4CA-EBD2-4020-9A2A-DF33205967FE}.Ad-Hoc|Any CPU.ActiveCfg = Release|x86
		{6D94F4CA-EBD2-4020-9A2A-DF33205967FE}.Ad-Hoc|Any CPU.Build.0 = Release|x86
		{6D94F4CA-EBD2-4020-9A2A-DF33205967FE}.Ad-Hoc|Any CPU.Deploy.0 = Release|x86
		{6D94F4CA-EBD2-4020-9A2A-DF33205967FE}.Ad-Hoc|ARM.ActiveCfg = Release|ARM
		{6D94F4CA-EBD2-4020-9A2A-DF33205967FE}.Ad-Hoc|ARM.Build.0 = Release|ARM
		{6D94F4CA-EBD2-4020-9A2A-DF33205967FE}.Ad-Hoc|ARM.Deploy.0 = Release|ARM
		{6D94F4CA-EBD2-4020-9A2A-DF33205967FE}.Ad-Hoc|iPhone.ActiveCfg = Release|x86
		{6D94F4CA-EBD2-4020-9A2A-DF33205967FE}.Ad-Hoc|iPhone.Build.0 = Release|x86
		{6D94F4CA-EBD2-4020-9A2A-DF33205967FE}.Ad-Hoc|iPhone.Deploy.0 = Release|x86
		{6D94F4CA-EBD2-4020-9A2A-DF33205967FE}.Ad-Hoc|iPhoneSimulator.ActiveCfg = Release|x86
		{6D94F4CA-EBD2-4020-9A2A-DF33205967FE}.Ad-Hoc|iPhoneSimulator.Build.0 = Release|x86
		{6D94F4CA-EBD2-4020-9A2A-DF33205967FE}.Ad-Hoc|iPhoneSimulator.Deploy.0 = Release|x86
		{6D94F4CA-EBD2-4020-9A2A-DF33205967FE}.Ad-Hoc|x64.ActiveCfg = Release|x64
		{6D94F4CA-EBD2-4020-9A2A-DF33205967FE}.Ad-Hoc|x64.Build.0 = Release|x64
		{6D94F4CA-EBD2-4020-9A2A-DF33205967FE}.Ad-Hoc|x64.Deploy.0 = Release|x64
		{6D94F4CA-EBD2-4020-9A2A-DF33205967FE}.Ad-Hoc|x86.ActiveCfg = Release|x86
		{6D94F4CA-EBD2-4020-9A2A-DF33205967FE}.Ad-Hoc|x86.Build.0 = Release|x86
		{6D94F4CA-EBD2-4020-9A2A-DF33205967FE}.Ad-Hoc|x86.Deploy.0 = Release|x86
		{6D94F4CA-EBD2-4020-9A2A-DF33205967FE}.AppStore|Any CPU.ActiveCfg = Release|x86
		{6D94F4CA-EBD2-4020-9A2A-DF33205967FE}.AppStore|Any CPU.Build.0 = Release|x86
		{6D94F4CA-EBD2-4020-9A2A-DF33205967FE}.AppStore|Any CPU.Deploy.0 = Release|x86
		{6D94F4CA-EBD2-4020-9A2A-DF33205967FE}.AppStore|ARM.ActiveCfg = Release|ARM
		{6D94F4CA-EBD2-4020-9A2A-DF33205967FE}.AppStore|ARM.Build.0 = Release|ARM
		{6D94F4CA-EBD2-4020-9A2A-DF33205967FE}.AppStore|ARM.Deploy.0 = Release|ARM
		{6D94F4CA-EBD2-4020-9A2A-DF33205967FE}.AppStore|iPhone.ActiveCfg = Release|x86
		{6D94F4CA-EBD2-4020-9A2A-DF33205967FE}.AppStore|iPhone.Build.0 = Release|x86
		{6D94F4CA-EBD2-4020-9A2A-DF33205967FE}.AppStore|iPhone.Deploy.0 = Release|x86
		{6D94F4CA-EBD2-4020-9A2A-DF33205967FE}.AppStore|iPhoneSimulator.ActiveCfg = Release|x86
		{6D94F4CA-EBD2-4020-9A2A-DF33205967FE}.AppStore|iPhoneSimulator.Build.0 = Release|x86
		{6D94F4CA-EBD2-4020-9A2A-DF33205967FE}.AppStore|iPhoneSimulator.Deploy.0 = Release|x86
		{6D94F4CA-EBD2-4020-9A2A-DF33205967FE}.AppStore|x64.ActiveCfg = Release|x64
		{6D94F4CA-EBD2-4020-9A2A-DF33205967FE}.AppStore|x64.Build.0 = Release|x64
		{6D94F4CA-EBD2-4020-9A2A-DF33205967FE}.AppStore|x64.Deploy.0 = Release|x64
		{6D94F4CA-EBD2-4020-9A2A-DF33205967FE}.AppStore|x86.ActiveCfg = Release|x86
		{6D94F4CA-EBD2-4020-9A2A-DF33205967FE}.AppStore|x86.Build.0 = Release|x86
		{6D94F4CA-EBD2-4020-9A2A-DF33205967FE}.AppStore|x86.Deploy.0 = Release|x86
		{6D94F4CA-EBD2-4020-9A2A-DF33205967FE}.Debug|Any CPU.ActiveCfg = Debug|x86
		{6D94F4CA-EBD2-4020-9A2A-DF33205967FE}.Debug|Any CPU.Build.0 = Debug|x86
		{6D94F4CA-EBD2-4020-9A2A-DF33205967FE}.Debug|Any CPU.Deploy.0 = Debug|x86
		{6D94F4CA-EBD2-4020-9A2A-DF33205967FE}.Debug|ARM.ActiveCfg = Debug|ARM
		{6D94F4CA-EBD2-4020-9A2A-DF33205967FE}.Debug|ARM.Build.0 = Debug|ARM
		{6D94F4CA-EBD2-4020-9A2A-DF33205967FE}.Debug|ARM.Deploy.0 = Debug|ARM
		{6D94F4CA-EBD2-4020-9A2A-DF33205967FE}.Debug|iPhone.ActiveCfg = Debug|x86
		{6D94F4CA-EBD2-4020-9A2A-DF33205967FE}.Debug|iPhone.Build.0 = Debug|x86
		{6D94F4CA-EBD2-4020-9A2A-DF33205967FE}.Debug|iPhone.Deploy.0 = Debug|x86
		{6D94F4CA-EBD2-4020-9A2A-DF33205967FE}.Debug|iPhoneSimulator.ActiveCfg = Debug|x86
		{6D94F4CA-EBD2-4020-9A2A-DF33205967FE}.Debug|iPhoneSimulator.Build.0 = Debug|x86
		{6D94F4CA-EBD2-4020-9A2A-DF33205967FE}.Debug|iPhoneSimulator.Deploy.0 = Debug|x86
		{6D94F4CA-EBD2-4020-9A2A-DF33205967FE}.Debug|x64.ActiveCfg = Debug|x64
		{6D94F4CA-EBD2-4020-9A2A-DF33205967FE}.Debug|x64.Build.0 = Debug|x64
		{6D94F4CA-EBD2-4020-9A2A-DF33205967FE}.Debug|x64.Deploy.0 = Debug|x64
		{6D94F4CA-EBD2-4020-9A2A-DF33205967FE}.Debug|x86.ActiveCfg = Debug|x86
		{6D94F4CA-EBD2-4020-9A2A-DF33205967FE}.Debug|x86.Build.0 = Debug|x86
		{6D94F4CA-EBD2-4020-9A2A-DF33205967FE}.Debug|x86.Deploy.0 = Debug|x86
		{6D94F4CA-EBD2-4020-9A2A-DF33205967FE}.Release|Any CPU.ActiveCfg = Release|x86
		{6D94F4CA-EBD2-4020-9A2A-DF33205967FE}.Release|Any CPU.Build.0 = Release|x86
		{6D94F4CA-EBD2-4020-9A2A-DF33205967FE}.Release|Any CPU.Deploy.0 = Release|x86
		{6D94F4CA-EBD2-4020-9A2A-DF33205967FE}.Release|ARM.ActiveCfg = Release|ARM
		{6D94F4CA-EBD2-4020-9A2A-DF33205967FE}.Release|ARM.Build.0 = Release|ARM
		{6D94F4CA-EBD2-4020-9A2A-DF33205967FE}.Release|ARM.Deploy.0 = Release|ARM
		{6D94F4CA-EBD2-4020-9A2A-DF33205967FE}.Release|iPhone.ActiveCfg = Release|x86
		{6D94F4CA-EBD2-4020-9A2A-DF33205967FE}.Release|iPhone.Build.0 = Release|x86
		{6D94F4CA-EBD2-4020-9A2A-DF33205967FE}.Release|iPhone.Deploy.0 = Release|x86
		{6D94F4CA-EBD2-4020-9A2A-DF33205967FE}.Release|iPhoneSimulator.ActiveCfg = Release|x86
		{6D94F4CA-EBD2-4020-9A2A-DF33205967FE}.Release|iPhoneSimulator.Build.0 = Release|x86
		{6D94F4CA-EBD2-4020-9A2A-DF33205967FE}.Release|iPhoneSimulator.Deploy.0 = Release|x86
		{6D94F4CA-EBD2-4020-9A2A-DF33205967FE}.Release|x64.ActiveCfg = Release|x64
		{6D94F4CA-EBD2-4020-9A2A-DF33205967FE}.Release|x64.Build.0 = Release|x64
		{6D94F4CA-EBD2-4020-9A2A-DF33205967FE}.Release|x64.Deploy.0 = Release|x64
		{6D94F4CA-EBD2-4020-9A2A-DF33205967FE}.Release|x86.ActiveCfg = Release|x86
		{6D94F4CA-EBD2-4020-9A2A-DF33205967FE}.Release|x86.Build.0 = Release|x86
		{6D94F4CA-EBD2-4020-9A2A-DF33205967FE}.Release|x86.Deploy.0 = Release|x86
		{A010F804-D807-40D1-A5F4-C204F57A07F0}.Ad-Hoc|Any CPU.ActiveCfg = Debug|Any CPU
		{A010F804-D807-40D1-A5F4-C204F57A07F0}.Ad-Hoc|Any CPU.Build.0 = Debug|Any CPU
		{A010F804-D807-40D1-A5F4-C204F57A07F0}.Ad-Hoc|Any CPU.Deploy.0 = Debug|Any CPU
		{A010F804-D807-40D1-A5F4-C204F57A07F0}.Ad-Hoc|ARM.ActiveCfg = Debug|Any CPU
		{A010F804-D807-40D1-A5F4-C204F57A07F0}.Ad-Hoc|ARM.Build.0 = Debug|Any CPU
		{A010F804-D807-40D1-A5F4-C204F57A07F0}.Ad-Hoc|ARM.Deploy.0 = Debug|Any CPU
		{A010F804-D807-40D1-A5F4-C204F57A07F0}.Ad-Hoc|iPhone.ActiveCfg = Debug|Any CPU
		{A010F804-D807-40D1-A5F4-C204F57A07F0}.Ad-Hoc|iPhone.Build.0 = Debug|Any CPU
		{A010F804-D807-40D1-A5F4-C204F57A07F0}.Ad-Hoc|iPhone.Deploy.0 = Debug|Any CPU
		{A010F804-D807-40D1-A5F4-C204F57A07F0}.Ad-Hoc|iPhoneSimulator.ActiveCfg = Debug|Any CPU
		{A010F804-D807-40D1-A5F4-C204F57A07F0}.Ad-Hoc|iPhoneSimulator.Build.0 = Debug|Any CPU
		{A010F804-D807-40D1-A5F4-C204F57A07F0}.Ad-Hoc|iPhoneSimulator.Deploy.0 = Debug|Any CPU
		{A010F804-D807-40D1-A5F4-C204F57A07F0}.Ad-Hoc|x64.ActiveCfg = Debug|Any CPU
		{A010F804-D807-40D1-A5F4-C204F57A07F0}.Ad-Hoc|x64.Build.0 = Debug|Any CPU
		{A010F804-D807-40D1-A5F4-C204F57A07F0}.Ad-Hoc|x64.Deploy.0 = Debug|Any CPU
		{A010F804-D807-40D1-A5F4-C204F57A07F0}.Ad-Hoc|x86.ActiveCfg = Debug|Any CPU
		{A010F804-D807-40D1-A5F4-C204F57A07F0}.Ad-Hoc|x86.Build.0 = Debug|Any CPU
		{A010F804-D807-40D1-A5F4-C204F57A07F0}.Ad-Hoc|x86.Deploy.0 = Debug|Any CPU
		{A010F804-D807-40D1-A5F4-C204F57A07F0}.AppStore|Any CPU.ActiveCfg = Debug|Any CPU
		{A010F804-D807-40D1-A5F4-C204F57A07F0}.AppStore|Any CPU.Build.0 = Debug|Any CPU
		{A010F804-D807-40D1-A5F4-C204F57A07F0}.AppStore|Any CPU.Deploy.0 = Debug|Any CPU
		{A010F804-D807-40D1-A5F4-C204F57A07F0}.AppStore|ARM.ActiveCfg = Debug|Any CPU
		{A010F804-D807-40D1-A5F4-C204F57A07F0}.AppStore|ARM.Build.0 = Debug|Any CPU
		{A010F804-D807-40D1-A5F4-C204F57A07F0}.AppStore|ARM.Deploy.0 = Debug|Any CPU
		{A010F804-D807-40D1-A5F4-C204F57A07F0}.AppStore|iPhone.ActiveCfg = Debug|Any CPU
		{A010F804-D807-40D1-A5F4-C204F57A07F0}.AppStore|iPhone.Build.0 = Debug|Any CPU
		{A010F804-D807-40D1-A5F4-C204F57A07F0}.AppStore|iPhone.Deploy.0 = Debug|Any CPU
		{A010F804-D807-40D1-A5F4-C204F57A07F0}.AppStore|iPhoneSimulator.ActiveCfg = Debug|Any CPU
		{A010F804-D807-40D1-A5F4-C204F57A07F0}.AppStore|iPhoneSimulator.Build.0 = Debug|Any CPU
		{A010F804-D807-40D1-A5F4-C204F57A07F0}.AppStore|iPhoneSimulator.Deploy.0 = Debug|Any CPU
		{A010F804-D807-40D1-A5F4-C204F57A07F0}.AppStore|x64.ActiveCfg = Debug|Any CPU
		{A010F804-D807-40D1-A5F4-C204F57A07F0}.AppStore|x64.Build.0 = Debug|Any CPU
		{A010F804-D807-40D1-A5F4-C204F57A07F0}.AppStore|x64.Deploy.0 = Debug|Any CPU
		{A010F804-D807-40D1-A5F4-C204F57A07F0}.AppStore|x86.ActiveCfg = Debug|Any CPU
		{A010F804-D807-40D1-A5F4-C204F57A07F0}.AppStore|x86.Build.0 = Debug|Any CPU
		{A010F804-D807-40D1-A5F4-C204F57A07F0}.AppStore|x86.Deploy.0 = Debug|Any CPU
		{A010F804-D807-40D1-A5F4-C204F57A07F0}.Debug|Any CPU.ActiveCfg = Debug|Any CPU
		{A010F804-D807-40D1-A5F4-C204F57A07F0}.Debug|Any CPU.Build.0 = Debug|Any CPU
		{A010F804-D807-40D1-A5F4-C204F57A07F0}.Debug|Any CPU.Deploy.0 = Debug|Any CPU
		{A010F804-D807-40D1-A5F4-C204F57A07F0}.Debug|ARM.ActiveCfg = Debug|Any CPU
		{A010F804-D807-40D1-A5F4-C204F57A07F0}.Debug|ARM.Build.0 = Debug|Any CPU
		{A010F804-D807-40D1-A5F4-C204F57A07F0}.Debug|ARM.Deploy.0 = Debug|Any CPU
		{A010F804-D807-40D1-A5F4-C204F57A07F0}.Debug|iPhone.ActiveCfg = Debug|Any CPU
		{A010F804-D807-40D1-A5F4-C204F57A07F0}.Debug|iPhone.Build.0 = Debug|Any CPU
		{A010F804-D807-40D1-A5F4-C204F57A07F0}.Debug|iPhone.Deploy.0 = Debug|Any CPU
		{A010F804-D807-40D1-A5F4-C204F57A07F0}.Debug|iPhoneSimulator.ActiveCfg = Debug|Any CPU
		{A010F804-D807-40D1-A5F4-C204F57A07F0}.Debug|iPhoneSimulator.Build.0 = Debug|Any CPU
		{A010F804-D807-40D1-A5F4-C204F57A07F0}.Debug|iPhoneSimulator.Deploy.0 = Debug|Any CPU
		{A010F804-D807-40D1-A5F4-C204F57A07F0}.Debug|x64.ActiveCfg = Debug|Any CPU
		{A010F804-D807-40D1-A5F4-C204F57A07F0}.Debug|x64.Build.0 = Debug|Any CPU
		{A010F804-D807-40D1-A5F4-C204F57A07F0}.Debug|x64.Deploy.0 = Debug|Any CPU
		{A010F804-D807-40D1-A5F4-C204F57A07F0}.Debug|x86.ActiveCfg = Debug|Any CPU
		{A010F804-D807-40D1-A5F4-C204F57A07F0}.Debug|x86.Build.0 = Debug|Any CPU
		{A010F804-D807-40D1-A5F4-C204F57A07F0}.Debug|x86.Deploy.0 = Debug|Any CPU
		{A010F804-D807-40D1-A5F4-C204F57A07F0}.Release|Any CPU.ActiveCfg = Release|Any CPU
		{A010F804-D807-40D1-A5F4-C204F57A07F0}.Release|Any CPU.Build.0 = Release|Any CPU
		{A010F804-D807-40D1-A5F4-C204F57A07F0}.Release|Any CPU.Deploy.0 = Release|Any CPU
		{A010F804-D807-40D1-A5F4-C204F57A07F0}.Release|ARM.ActiveCfg = Release|Any CPU
		{A010F804-D807-40D1-A5F4-C204F57A07F0}.Release|ARM.Build.0 = Release|Any CPU
		{A010F804-D807-40D1-A5F4-C204F57A07F0}.Release|ARM.Deploy.0 = Release|Any CPU
		{A010F804-D807-40D1-A5F4-C204F57A07F0}.Release|iPhone.ActiveCfg = Release|Any CPU
		{A010F804-D807-40D1-A5F4-C204F57A07F0}.Release|iPhone.Build.0 = Release|Any CPU
		{A010F804-D807-40D1-A5F4-C204F57A07F0}.Release|iPhone.Deploy.0 = Release|Any CPU
		{A010F804-D807-40D1-A5F4-C204F57A07F0}.Release|iPhoneSimulator.ActiveCfg = Release|Any CPU
		{A010F804-D807-40D1-A5F4-C204F57A07F0}.Release|iPhoneSimulator.Build.0 = Release|Any CPU
		{A010F804-D807-40D1-A5F4-C204F57A07F0}.Release|iPhoneSimulator.Deploy.0 = Release|Any CPU
		{A010F804-D807-40D1-A5F4-C204F57A07F0}.Release|x64.ActiveCfg = Release|Any CPU
		{A010F804-D807-40D1-A5F4-C204F57A07F0}.Release|x64.Build.0 = Release|Any CPU
		{A010F804-D807-40D1-A5F4-C204F57A07F0}.Release|x64.Deploy.0 = Release|Any CPU
		{A010F804-D807-40D1-A5F4-C204F57A07F0}.Release|x86.ActiveCfg = Release|Any CPU
		{A010F804-D807-40D1-A5F4-C204F57A07F0}.Release|x86.Build.0 = Release|Any CPU
		{A010F804-D807-40D1-A5F4-C204F57A07F0}.Release|x86.Deploy.0 = Release|Any CPU
	EndGlobalSection
	GlobalSection(SolutionProperties) = preSolution
		HideSolutionNode = FALSE
	EndGlobalSection
	GlobalSection(ExtensibilityGlobals) = postSolution
		SolutionGuid = {BBD4F519-C199-46D6-B3CA-954BDEE20031}
	EndGlobalSection
EndGlobal
